// !$*UTF8*$!
{
	archiveVersion = 1;
	classes = {
	};
	objectVersion = 56;
	objects = {

/* Begin PBXBuildFile section */
		C35471A528FD3BCA00A5BD5E /* AppDelegate.swift in Sources */ = {isa = PBXBuildFile; fileRef = C35471A428FD3BCA00A5BD5E /* AppDelegate.swift */; };
		C35471A728FD3BCA00A5BD5E /* SceneDelegate.swift in Sources */ = {isa = PBXBuildFile; fileRef = C35471A628FD3BCA00A5BD5E /* SceneDelegate.swift */; };
		C35471AE28FD3BCB00A5BD5E /* Assets.xcassets in Resources */ = {isa = PBXBuildFile; fileRef = C35471AD28FD3BCB00A5BD5E /* Assets.xcassets */; };
		C35471B128FD3BCB00A5BD5E /* LaunchScreen.storyboard in Resources */ = {isa = PBXBuildFile; fileRef = C35471AF28FD3BCB00A5BD5E /* LaunchScreen.storyboard */; };
		C35471B928FD3BE700A5BD5E /* MainViewController.swift in Sources */ = {isa = PBXBuildFile; fileRef = C35471B828FD3BE700A5BD5E /* MainViewController.swift */; };
		C35471BB28FD3BF100A5BD5E /* Todo.swift in Sources */ = {isa = PBXBuildFile; fileRef = C35471BA28FD3BF100A5BD5E /* Todo.swift */; };
		C35471BE28FD3C2100A5BD5E /* Realm in Frameworks */ = {isa = PBXBuildFile; productRef = C35471BD28FD3C2100A5BD5E /* Realm */; };
		C35471C028FD3C2100A5BD5E /* RealmSwift in Frameworks */ = {isa = PBXBuildFile; productRef = C35471BF28FD3C2100A5BD5E /* RealmSwift */; };
		C35471C228FD3E6300A5BD5E /* Main.storyboard in Resources */ = {isa = PBXBuildFile; fileRef = C35471C128FD3E6300A5BD5E /* Main.storyboard */; };
/* End PBXBuildFile section */

/* Begin PBXFileReference section */
		C35471A128FD3BCA00A5BD5E /* RealmInListPlay.app */ = {isa = PBXFileReference; explicitFileType = wrapper.application; includeInIndex = 0; path = RealmInListPlay.app; sourceTree = BUILT_PRODUCTS_DIR; };
		C35471A428FD3BCA00A5BD5E /* AppDelegate.swift */ = {isa = PBXFileReference; lastKnownFileType = sourcecode.swift; path = AppDelegate.swift; sourceTree = "<group>"; };
		C35471A628FD3BCA00A5BD5E /* SceneDelegate.swift */ = {isa = PBXFileReference; lastKnownFileType = sourcecode.swift; path = SceneDelegate.swift; sourceTree = "<group>"; };
		C35471AD28FD3BCB00A5BD5E /* Assets.xcassets */ = {isa = PBXFileReference; lastKnownFileType = folder.assetcatalog; path = Assets.xcassets; sourceTree = "<group>"; };
		C35471B028FD3BCB00A5BD5E /* Base */ = {isa = PBXFileReference; lastKnownFileType = file.storyboard; name = Base; path = Base.lproj/LaunchScreen.storyboard; sourceTree = "<group>"; };
		C35471B228FD3BCB00A5BD5E /* Info.plist */ = {isa = PBXFileReference; lastKnownFileType = text.plist.xml; path = Info.plist; sourceTree = "<group>"; };
		C35471B828FD3BE700A5BD5E /* MainViewController.swift */ = {isa = PBXFileReference; lastKnownFileType = sourcecode.swift; path = MainViewController.swift; sourceTree = "<group>"; };
		C35471BA28FD3BF100A5BD5E /* Todo.swift */ = {isa = PBXFileReference; lastKnownFileType = sourcecode.swift; path = Todo.swift; sourceTree = "<group>"; };
		C35471C128FD3E6300A5BD5E /* Main.storyboard */ = {isa = PBXFileReference; lastKnownFileType = file.storyboard; path = Main.storyboard; sourceTree = "<group>"; };
/* End PBXFileReference section */

/* Begin PBXFrameworksBuildPhase section */
		C354719E28FD3BCA00A5BD5E /* Frameworks */ = {
			isa = PBXFrameworksBuildPhase;
			buildActionMask = 2147483647;
			files = (
				C35471C028FD3C2100A5BD5E /* RealmSwift in Frameworks */,
				C35471BE28FD3C2100A5BD5E /* Realm in Frameworks */,
			);
			runOnlyForDeploymentPostprocessing = 0;
		};
/* End PBXFrameworksBuildPhase section */

/* Begin PBXGroup section */
		C354719828FD3BCA00A5BD5E = {
			isa = PBXGroup;
			children = (
				C35471A328FD3BCA00A5BD5E /* RealmInListPlay */,
				C35471A228FD3BCA00A5BD5E /* Products */,
			);
			sourceTree = "<group>";
		};
		C35471A228FD3BCA00A5BD5E /* Products */ = {
			isa = PBXGroup;
			children = (
				C35471A128FD3BCA00A5BD5E /* RealmInListPlay.app */,
			);
			name = Products;
			sourceTree = "<group>";
		};
		C35471A328FD3BCA00A5BD5E /* RealmInListPlay */ = {
			isa = PBXGroup;
			children = (
				C35471A428FD3BCA00A5BD5E /* AppDelegate.swift */,
				C35471A628FD3BCA00A5BD5E /* SceneDelegate.swift */,
				C35471AD28FD3BCB00A5BD5E /* Assets.xcassets */,
				C35471AF28FD3BCB00A5BD5E /* LaunchScreen.storyboard */,
				C35471B228FD3BCB00A5BD5E /* Info.plist */,
				C35471B828FD3BE700A5BD5E /* MainViewController.swift */,
				C35471BA28FD3BF100A5BD5E /* Todo.swift */,
				C35471C128FD3E6300A5BD5E /* Main.storyboard */,
			);
			path = RealmInListPlay;
			sourceTree = "<group>";
		};
/* End PBXGroup section */

/* Begin PBXNativeTarget section */
		C35471A028FD3BCA00A5BD5E /* RealmInListPlay */ = {
			isa = PBXNativeTarget;
			buildConfigurationList = C35471B528FD3BCB00A5BD5E /* Build configuration list for PBXNativeTarget "RealmInListPlay" */;
			buildPhases = (
				C354719D28FD3BCA00A5BD5E /* Sources */,
				C354719E28FD3BCA00A5BD5E /* Frameworks */,
				C354719F28FD3BCA00A5BD5E /* Resources */,
			);
			buildRules = (
			);
			dependencies = (
			);
			name = RealmInListPlay;
			packageProductDependencies = (
				C35471BD28FD3C2100A5BD5E /* Realm */,
				C35471BF28FD3C2100A5BD5E /* RealmSwift */,
			);
			productName = RealmInListPlay;
			productReference = C35471A128FD3BCA00A5BD5E /* RealmInListPlay.app */;
			productType = "com.apple.product-type.application";
		};
/* End PBXNativeTarget section */

/* Begin PBXProject section */
		C354719928FD3BCA00A5BD5E /* Project object */ = {
			isa = PBXProject;
			attributes = {
				BuildIndependentTargetsInParallel = 1;
				LastSwiftUpdateCheck = 1400;
				LastUpgradeCheck = 1400;
				TargetAttributes = {
					C35471A028FD3BCA00A5BD5E = {
						CreatedOnToolsVersion = 14.0.1;
					};
				};
			};
			buildConfigurationList = C354719C28FD3BCA00A5BD5E /* Build configuration list for PBXProject "RealmInListPlay" */;
			compatibilityVersion = "Xcode 14.0";
			developmentRegion = en;
			hasScannedForEncodings = 0;
			knownRegions = (
				en,
				Base,
			);
			mainGroup = C354719828FD3BCA00A5BD5E;
			packageReferences = (
				C35471BC28FD3C2100A5BD5E /* XCRemoteSwiftPackageReference "realm-swift" */,
			);
			productRefGroup = C35471A228FD3BCA00A5BD5E /* Products */;
			projectDirPath = "";
			projectRoot = "";
			targets = (
				C35471A028FD3BCA00A5BD5E /* RealmInListPlay */,
			);
		};
/* End PBXProject section */

/* Begin PBXResourcesBuildPhase section */
		C354719F28FD3BCA00A5BD5E /* Resources */ = {
			isa = PBXResourcesBuildPhase;
			buildActionMask = 2147483647;
			files = (
				C35471C228FD3E6300A5BD5E /* Main.storyboard in Resources */,
				C35471B128FD3BCB00A5BD5E /* LaunchScreen.storyboard in Resources */,
				C35471AE28FD3BCB00A5BD5E /* Assets.xcassets in Resources */,
			);
			runOnlyForDeploymentPostprocessing = 0;
		};
/* End PBXResourcesBuildPhase section */

/* Begin PBXSourcesBuildPhase section */
		C354719D28FD3BCA00A5BD5E /* Sources */ = {
			isa = PBXSourcesBuildPhase;
			buildActionMask = 2147483647;
			files = (
				C35471B928FD3BE700A5BD5E /* MainViewController.swift in Sources */,
				C35471A528FD3BCA00A5BD5E /* AppDelegate.swift in Sources */,
				C35471A728FD3BCA00A5BD5E /* SceneDelegate.swift in Sources */,
				C35471BB28FD3BF100A5BD5E /* Todo.swift in Sources */,
			);
			runOnlyForDeploymentPostprocessing = 0;
		};
/* End PBXSourcesBuildPhase section */

/* Begin PBXVariantGroup section */
		C35471AF28FD3BCB00A5BD5E /* LaunchScreen.storyboard */ = {
			isa = PBXVariantGroup;
			children = (
				C35471B028FD3BCB00A5BD5E /* Base */,
			);
			name = LaunchScreen.storyboard;
			sourceTree = "<group>";
		};
/* End PBXVariantGroup section */

/* Begin XCBuildConfiguration section */
		C35471B328FD3BCB00A5BD5E /* Debug */ = {
			isa = XCBuildConfiguration;
			buildSettings = {
				ALWAYS_SEARCH_USER_PATHS = NO;
				CLANG_ANALYZER_NONNULL = YES;
				CLANG_ANALYZER_NUMBER_OBJECT_CONVERSION = YES_AGGRESSIVE;
				CLANG_CXX_LANGUAGE_STANDARD = "gnu++20";
				CLANG_ENABLE_MODULES = YES;
				CLANG_ENABLE_OBJC_ARC = YES;
				CLANG_ENABLE_OBJC_WEAK = YES;
				CLANG_WARN_BLOCK_CAPTURE_AUTORELEASING = YES;
				CLANG_WARN_BOOL_CONVERSION = YES;
				CLANG_WARN_COMMA = YES;
				CLANG_WARN_CONSTANT_CONVERSION = YES;
				CLANG_WARN_DEPRECATED_OBJC_IMPLEMENTATIONS = YES;
				CLANG_WARN_DIRECT_OBJC_ISA_USAGE = YES_ERROR;
				CLANG_WARN_DOCUMENTATION_COMMENTS = YES;
				CLANG_WARN_EMPTY_BODY = YES;
				CLANG_WARN_ENUM_CONVERSION = YES;
				CLANG_WARN_INFINITE_RECURSION = YES;
				CLANG_WARN_INT_CONVERSION = YES;
				CLANG_WARN_NON_LITERAL_NULL_CONVERSION = YES;
				CLANG_WARN_OBJC_IMPLICIT_RETAIN_SELF = YES;
				CLANG_WARN_OBJC_LITERAL_CONVERSION = YES;
				CLANG_WARN_OBJC_ROOT_CLASS = YES_ERROR;
				CLANG_WARN_QUOTED_INCLUDE_IN_FRAMEWORK_HEADER = YES;
				CLANG_WARN_RANGE_LOOP_ANALYSIS = YES;
				CLANG_WARN_STRICT_PROTOTYPES = YES;
				CLANG_WARN_SUSPICIOUS_MOVE = YES;
				CLANG_WARN_UNGUARDED_AVAILABILITY = YES_AGGRESSIVE;
				CLANG_WARN_UNREACHABLE_CODE = YES;
				CLANG_WARN__DUPLICATE_METHOD_MATCH = YES;
				COPY_PHASE_STRIP = NO;
				DEBUG_INFORMATION_FORMAT = dwarf;
				ENABLE_STRICT_OBJC_MSGSEND = YES;
				ENABLE_TESTABILITY = YES;
				GCC_C_LANGUAGE_STANDARD = gnu11;
				GCC_DYNAMIC_NO_PIC = NO;
				GCC_NO_COMMON_BLOCKS = YES;
				GCC_OPTIMIZATION_LEVEL = 0;
				GCC_PREPROCESSOR_DEFINITIONS = (
					"DEBUG=1",
					"$(inherited)",
				);
				GCC_WARN_64_TO_32_BIT_CONVERSION = YES;
				GCC_WARN_ABOUT_RETURN_TYPE = YES_ERROR;
				GCC_WARN_UNDECLARED_SELECTOR = YES;
				GCC_WARN_UNINITIALIZED_AUTOS = YES_AGGRESSIVE;
				GCC_WARN_UNUSED_FUNCTION = YES;
				GCC_WARN_UNUSED_VARIABLE = YES;
				IPHONEOS_DEPLOYMENT_TARGET = 16.0;
				MTL_ENABLE_DEBUG_INFO = INCLUDE_SOURCE;
				MTL_FAST_MATH = YES;
				ONLY_ACTIVE_ARCH = YES;
				SDKROOT = iphoneos;
				SWIFT_ACTIVE_COMPILATION_CONDITIONS = DEBUG;
				SWIFT_OPTIMIZATION_LEVEL = "-Onone";
			};
			name = Debug;
		};
		C35471B428FD3BCB00A5BD5E /* Release */ = {
			isa = XCBuildConfiguration;
			buildSettings = {
				ALWAYS_SEARCH_USER_PATHS = NO;
				CLANG_ANALYZER_NONNULL = YES;
				CLANG_ANALYZER_NUMBER_OBJECT_CONVERSION = YES_AGGRESSIVE;
				CLANG_CXX_LANGUAGE_STANDARD = "gnu++20";
				CLANG_ENABLE_MODULES = YES;
				CLANG_ENABLE_OBJC_ARC = YES;
				CLANG_ENABLE_OBJC_WEAK = YES;
				CLANG_WARN_BLOCK_CAPTURE_AUTORELEASING = YES;
				CLANG_WARN_BOOL_CONVERSION = YES;
				CLANG_WARN_COMMA = YES;
				CLANG_WARN_CONSTANT_CONVERSION = YES;
				CLANG_WARN_DEPRECATED_OBJC_IMPLEMENTATIONS = YES;
				CLANG_WARN_DIRECT_OBJC_ISA_USAGE = YES_ERROR;
				CLANG_WARN_DOCUMENTATION_COMMENTS = YES;
				CLANG_WARN_EMPTY_BODY = YES;
				CLANG_WARN_ENUM_CONVERSION = YES;
				CLANG_WARN_INFINITE_RECURSION = YES;
				CLANG_WARN_INT_CONVERSION = YES;
				CLANG_WARN_NON_LITERAL_NULL_CONVERSION = YES;
				CLANG_WARN_OBJC_IMPLICIT_RETAIN_SELF = YES;
				CLANG_WARN_OBJC_LITERAL_CONVERSION = YES;
				CLANG_WARN_OBJC_ROOT_CLASS = YES_ERROR;
				CLANG_WARN_QUOTED_INCLUDE_IN_FRAMEWORK_HEADER = YES;
				CLANG_WARN_RANGE_LOOP_ANALYSIS = YES;
				CLANG_WARN_STRICT_PROTOTYPES = YES;
				CLANG_WARN_SUSPICIOUS_MOVE = YES;
				CLANG_WARN_UNGUARDED_AVAILABILITY = YES_AGGRESSIVE;
				CLANG_WARN_UNREACHABLE_CODE = YES;
				CLANG_WARN__DUPLICATE_METHOD_MATCH = YES;
				COPY_PHASE_STRIP = NO;
				DEBUG_INFORMATION_FORMAT = "dwarf-with-dsym";
				ENABLE_NS_ASSERTIONS = NO;
				ENABLE_STRICT_OBJC_MSGSEND = YES;
				GCC_C_LANGUAGE_STANDARD = gnu11;
				GCC_NO_COMMON_BLOCKS = YES;
				GCC_WARN_64_TO_32_BIT_CONVERSION = YES;
				GCC_WARN_ABOUT_RETURN_TYPE = YES_ERROR;
				GCC_WARN_UNDECLARED_SELECTOR = YES;
				GCC_WARN_UNINITIALIZED_AUTOS = YES_AGGRESSIVE;
				GCC_WARN_UNUSED_FUNCTION = YES;
				GCC_WARN_UNUSED_VARIABLE = YES;
				IPHONEOS_DEPLOYMENT_TARGET = 16.0;
				MTL_ENABLE_DEBUG_INFO = NO;
				MTL_FAST_MATH = YES;
				SDKROOT = iphoneos;
				SWIFT_COMPILATION_MODE = wholemodule;
				SWIFT_OPTIMIZATION_LEVEL = "-O";
				VALIDATE_PRODUCT = YES;
			};
			name = Release;
		};
		C35471B628FD3BCB00A5BD5E /* Debug */ = {
			isa = XCBuildConfiguration;
			buildSettings = {
				ASSETCATALOG_COMPILER_APPICON_NAME = AppIcon;
				ASSETCATALOG_COMPILER_GLOBAL_ACCENT_COLOR_NAME = AccentColor;
				CODE_SIGN_STYLE = Automatic;
				CURRENT_PROJECT_VERSION = 1;
				DEVELOPMENT_TEAM = 48S4T8HCYX;
				GENERATE_INFOPLIST_FILE = YES;
				INFOPLIST_FILE = RealmInListPlay/Info.plist;
				INFOPLIST_KEY_UIApplicationSupportsIndirectInputEvents = YES;
				INFOPLIST_KEY_UILaunchStoryboardName = LaunchScreen;
				INFOPLIST_KEY_UIMainStoryboardFile = Main;
				INFOPLIST_KEY_UISupportedInterfaceOrientations_iPad = "UIInterfaceOrientationPortrait UIInterfaceOrientationPortraitUpsideDown UIInterfaceOrientationLandscapeLeft UIInterfaceOrientationLandscapeRight";
				INFOPLIST_KEY_UISupportedInterfaceOrientations_iPhone = "UIInterfaceOrientationPortrait UIInterfaceOrientationLandscapeLeft UIInterfaceOrientationLandscapeRight";
				LD_RUNPATH_SEARCH_PATHS = (
					"$(inherited)",
					"@executable_path/Frameworks",
				);
				MARKETING_VERSION = 1.0;
				PRODUCT_BUNDLE_IDENTIFIER = com.jun.RealmInListPlay;
				PRODUCT_NAME = "$(TARGET_NAME)";
				SWIFT_EMIT_LOC_STRINGS = YES;
				SWIFT_VERSION = 5.0;
				TARGETED_DEVICE_FAMILY = "1,2";
			};
			name = Debug;
		};
		C35471B728FD3BCB00A5BD5E /* Release */ = {
			isa = XCBuildConfiguration;
			buildSettings = {
				ASSETCATALOG_COMPILER_APPICON_NAME = AppIcon;
				ASSETCATALOG_COMPILER_GLOBAL_ACCENT_COLOR_NAME = AccentColor;
				CODE_SIGN_STYLE = Automatic;
				CURRENT_PROJECT_VERSION = 1;
				DEVELOPMENT_TEAM = 48S4T8HCYX;
				GENERATE_INFOPLIST_FILE = YES;
				INFOPLIST_FILE = RealmInListPlay/Info.plist;
				INFOPLIST_KEY_UIApplicationSupportsIndirectInputEvents = YES;
				INFOPLIST_KEY_UILaunchStoryboardName = LaunchScreen;
				INFOPLIST_KEY_UIMainStoryboardFile = Main;
				INFOPLIST_KEY_UISupportedInterfaceOrientations_iPad = "UIInterfaceOrientationPortrait UIInterfaceOrientationPortraitUpsideDown UIInterfaceOrientationLandscapeLeft UIInterfaceOrientationLandscapeRight";
				INFOPLIST_KEY_UISupportedInterfaceOrientations_iPhone = "UIInterfaceOrientationPortrait UIInterfaceOrientationLandscapeLeft UIInterfaceOrientationLandscapeRight";
				LD_RUNPATH_SEARCH_PATHS = (
					"$(inherited)",
					"@executable_path/Frameworks",
				);
				MARKETING_VERSION = 1.0;
				PRODUCT_BUNDLE_IDENTIFIER = com.jun.RealmInListPlay;
				PRODUCT_NAME = "$(TARGET_NAME)";
				SWIFT_EMIT_LOC_STRINGS = YES;
				SWIFT_VERSION = 5.0;
				TARGETED_DEVICE_FAMILY = "1,2";
			};
			name = Release;
		};
/* End XCBuildConfiguration section */

/* Begin XCConfigurationList section */
		C354719C28FD3BCA00A5BD5E /* Build configuration list for PBXProject "RealmInListPlay" */ = {
			isa = XCConfigurationList;
			buildConfigurations = (
				C35471B328FD3BCB00A5BD5E /* Debug */,
				C35471B428FD3BCB00A5BD5E /* Release */,
			);
			defaultConfigurationIsVisible = 0;
			defaultConfigurationName = Release;
		};
		C35471B528FD3BCB00A5BD5E /* Build configuration list for PBXNativeTarget "RealmInListPlay" */ = {
			isa = XCConfigurationList;
			buildConfigurations = (
				C35471B628FD3BCB00A5BD5E /* Debug */,
				C35471B728FD3BCB00A5BD5E /* Release */,
			);
			defaultConfigurationIsVisible = 0;
			defaultConfigurationName = Release;
		};
/* End XCConfigurationList section */

/* Begin XCRemoteSwiftPackageReference section */
		C35471BC28FD3C2100A5BD5E /* XCRemoteSwiftPackageReference "realm-swift" */ = {
			isa = XCRemoteSwiftPackageReference;
			repositoryURL = "https://github.com/realm/realm-swift.git";
			requirement = {
				kind = upToNextMajorVersion;
				minimumVersion = 10.0.0;
			};
		};
/* End XCRemoteSwiftPackageReference section */

/* Begin XCSwiftPackageProductDependency section */
		C35471BD28FD3C2100A5BD5E /* Realm */ = {
			isa = XCSwiftPackageProductDependency;
			package = C35471BC28FD3C2100A5BD5E /* XCRemoteSwiftPackageReference "realm-swift" */;
			productName = Realm;
		};
		C35471BF28FD3C2100A5BD5E /* RealmSwift */ = {
			isa = XCSwiftPackageProductDependency;
			package = C35471BC28FD3C2100A5BD5E /* XCRemoteSwiftPackageReference "realm-swift" */;
			productName = RealmSwift;
		};
/* End XCSwiftPackageProductDependency section */
	};
	rootObject = C354719928FD3BCA00A5BD5E /* Project object */;
}
